
Microsoft Visual Studio Solution File, Format Version 12.00
# Visual Studio Version 17
VisualStudioVersion = 17.6.33417.168
MinimumVisualStudioVersion = 10.0.40219.1
Project("{D954291E-2A0B-460D-934E-DC6B0785DB48}") = "SharedEntryPoints", "src\SharedEntryPoints\SharedEntryPoints.shproj", "{D207B959-F9B3-4782-AFDA-001291405423}"
EndProject
Project("{9A19103F-16F7-4668-BE54-9A1E7A4F7556}") = "Net7Console", "src\Net7Console\Net7Console.csproj", "{AB60E919-A93F-4482-8A8C-3E8FC9840944}"
EndProject
Project("{9A19103F-16F7-4668-BE54-9A1E7A4F7556}") = "Net5Console", "src\Net5Console\Net5Console.csproj", "{0BEB575B-9E77-442E-A6A4-7E94B7BBEDA0}"
EndProject
Project("{2150E333-8FDC-42A3-9474-1A3956D46DE8}") = ".NET 5 Console Application", ".NET 5 Console Application", "{A0FD42EA-9654-4B9C-9025-FA0B21317871}"
EndProject
Project("{2150E333-8FDC-42A3-9474-1A3956D46DE8}") = ".NET 7 Console Application", ".NET 7 Console Application", "{19EEA606-3CC6-4C6A-8321-18F618302FA0}"
EndProject
Project("{2150E333-8FDC-42A3-9474-1A3956D46DE8}") = "Shared Projects", "Shared Projects", "{06604389-298A-4896-B48F-15DB52477242}"
EndProject
Project("{2150E333-8FDC-42A3-9474-1A3956D46DE8}") = "Documentation", "Documentation", "{2F88D4F4-AB3C-4143-AF32-B3726328DB67}"
	ProjectSection(SolutionItems) = preProject
		docs\README.md = docs\README.md
	EndProjectSection
EndProject
Project("{2150E333-8FDC-42A3-9474-1A3956D46DE8}") = ".NET Standard 2.0 Console Application", ".NET Standard 2.0 Console Application", "{E358D726-D519-4E87-9DF4-119529A5043D}"
EndProject
Project("{9A19103F-16F7-4668-BE54-9A1E7A4F7556}") = "NetStandard2Console", "src\NetStandard2Console\NetStandard2Console.csproj", "{DDBDAA47-CFE1-4FF1-9238-101D1C0AC4B7}"
EndProject
Global
	GlobalSection(SolutionConfigurationPlatforms) = preSolution
		Debug|Any CPU = Debug|Any CPU
		EXPLICIT|Any CPU = EXPLICIT|Any CPU
		IMPLICIT|Any CPU = IMPLICIT|Any CPU
		Release|Any CPU = Release|Any CPU
		SHARED|Any CPU = SHARED|Any CPU
		TLS|Any CPU = TLS|Any CPU
	EndGlobalSection
	GlobalSection(ProjectConfigurationPlatforms) = postSolution
		{AB60E919-A93F-4482-8A8C-3E8FC9840944}.Debug|Any CPU.ActiveCfg = Debug|Any CPU
		{AB60E919-A93F-4482-8A8C-3E8FC9840944}.Debug|Any CPU.Build.0 = Debug|Any CPU
		{AB60E919-A93F-4482-8A8C-3E8FC9840944}.EXPLICIT|Any CPU.ActiveCfg = EXPLICIT|Any CPU
		{AB60E919-A93F-4482-8A8C-3E8FC9840944}.EXPLICIT|Any CPU.Build.0 = EXPLICIT|Any CPU
		{AB60E919-A93F-4482-8A8C-3E8FC9840944}.IMPLICIT|Any CPU.ActiveCfg = IMPLICIT|Any CPU
		{AB60E919-A93F-4482-8A8C-3E8FC9840944}.IMPLICIT|Any CPU.Build.0 = IMPLICIT|Any CPU
		{AB60E919-A93F-4482-8A8C-3E8FC9840944}.Release|Any CPU.ActiveCfg = Release|Any CPU
		{AB60E919-A93F-4482-8A8C-3E8FC9840944}.Release|Any CPU.Build.0 = Release|Any CPU
		{AB60E919-A93F-4482-8A8C-3E8FC9840944}.SHARED|Any CPU.ActiveCfg = SHARED|Any CPU
		{AB60E919-A93F-4482-8A8C-3E8FC9840944}.SHARED|Any CPU.Build.0 = SHARED|Any CPU
		{AB60E919-A93F-4482-8A8C-3E8FC9840944}.TLS|Any CPU.ActiveCfg = TLS|Any CPU
		{AB60E919-A93F-4482-8A8C-3E8FC9840944}.TLS|Any CPU.Build.0 = TLS|Any CPU
		{0BEB575B-9E77-442E-A6A4-7E94B7BBEDA0}.Debug|Any CPU.ActiveCfg = Debug|Any CPU
		{0BEB575B-9E77-442E-A6A4-7E94B7BBEDA0}.Debug|Any CPU.Build.0 = Debug|Any CPU
		{0BEB575B-9E77-442E-A6A4-7E94B7BBEDA0}.EXPLICIT|Any CPU.ActiveCfg = EXPLICIT|Any CPU
		{0BEB575B-9E77-442E-A6A4-7E94B7BBEDA0}.EXPLICIT|Any CPU.Build.0 = EXPLICIT|Any CPU
		{0BEB575B-9E77-442E-A6A4-7E94B7BBEDA0}.IMPLICIT|Any CPU.ActiveCfg = IMPLICIT|Any CPU
		{0BEB575B-9E77-442E-A6A4-7E94B7BBEDA0}.IMPLICIT|Any CPU.Build.0 = IMPLICIT|Any CPU
		{0BEB575B-9E77-442E-A6A4-7E94B7BBEDA0}.Release|Any CPU.ActiveCfg = Release|Any CPU
		{0BEB575B-9E77-442E-A6A4-7E94B7BBEDA0}.Release|Any CPU.Build.0 = Release|Any CPU
		{0BEB575B-9E77-442E-A6A4-7E94B7BBEDA0}.SHARED|Any CPU.ActiveCfg = SHARED|Any CPU
		{0BEB575B-9E77-442E-A6A4-7E94B7BBEDA0}.SHARED|Any CPU.Build.0 = SHARED|Any CPU
		{0BEB575B-9E77-442E-A6A4-7E94B7BBEDA0}.TLS|Any CPU.ActiveCfg = TLS|Any CPU
		{0BEB575B-9E77-442E-A6A4-7E94B7BBEDA0}.TLS|Any CPU.Build.0 = TLS|Any CPU
		{DDBDAA47-CFE1-4FF1-9238-101D1C0AC4B7}.Debug|Any CPU.ActiveCfg = Debug|Any CPU
		{DDBDAA47-CFE1-4FF1-9238-101D1C0AC4B7}.Debug|Any CPU.Build.0 = Debug|Any CPU
		{DDBDAA47-CFE1-4FF1-9238-101D1C0AC4B7}.EXPLICIT|Any CPU.ActiveCfg = EXPLICIT|Any CPU
		{DDBDAA47-CFE1-4FF1-9238-101D1C0AC4B7}.EXPLICIT|Any CPU.Build.0 = EXPLICIT|Any CPU
		{DDBDAA47-CFE1-4FF1-9238-101D1C0AC4B7}.IMPLICIT|Any CPU.ActiveCfg = IMPLICIT|Any CPU
		{DDBDAA47-CFE1-4FF1-9238-101D1C0AC4B7}.IMPLICIT|Any CPU.Build.0 = IMPLICIT|Any CPU
		{DDBDAA47-CFE1-4FF1-9238-101D1C0AC4B7}.Release|Any CPU.ActiveCfg = Release|Any CPU
		{DDBDAA47-CFE1-4FF1-9238-101D1C0AC4B7}.Release|Any CPU.Build.0 = Release|Any CPU
		{DDBDAA47-CFE1-4FF1-9238-101D1C0AC4B7}.SHARED|Any CPU.ActiveCfg = SHARED|Any CPU
		{DDBDAA47-CFE1-4FF1-9238-101D1C0AC4B7}.SHARED|Any CPU.Build.0 = SHARED|Any CPU
		{DDBDAA47-CFE1-4FF1-9238-101D1C0AC4B7}.TLS|Any CPU.ActiveCfg = TLS|Any CPU
		{DDBDAA47-CFE1-4FF1-9238-101D1C0AC4B7}.TLS|Any CPU.Build.0 = TLS|Any CPU
	EndGlobalSection
	GlobalSection(SolutionProperties) = preSolution
		HideSolutionNode = FALSE
	EndGlobalSection
	GlobalSection(NestedProjects) = preSolution
		{D207B959-F9B3-4782-AFDA-001291405423} = {06604389-298A-4896-B48F-15DB52477242}
		{AB60E919-A93F-4482-8A8C-3E8FC9840944} = {19EEA606-3CC6-4C6A-8321-18F618302FA0}
		{0BEB575B-9E77-442E-A6A4-7E94B7BBEDA0} = {A0FD42EA-9654-4B9C-9025-FA0B21317871}
		{DDBDAA47-CFE1-4FF1-9238-101D1C0AC4B7} = {E358D726-D519-4E87-9DF4-119529A5043D}
	EndGlobalSection
	GlobalSection(ExtensibilityGlobals) = postSolution
		SolutionGuid = {AF163B52-B7A0-499E-98ED-49152B3DA268}
	EndGlobalSection
	GlobalSection(SharedMSBuildProjectFiles) = preSolution
		src\SharedEntryPoints\SharedEntryPoints.projitems*{d207b959-f9b3-4782-afda-001291405423}*SharedItemsImports = 13
	EndGlobalSection
EndGlobal
